
Microsoft Visual Studio Solution File, Format Version 12.00
# Visual Studio Version 16
VisualStudioVersion = 16.0.30114.105
MinimumVisualStudioVersion = 10.0.40219.1
Project("{FAE04EC0-301F-11D3-BF4B-00C04F79EFBC}") = "R5T.D0116.I0001", "R5T.D0116.I0001\R5T.D0116.I0001.csproj", "{205F6648-AA36-4401-B1E5-C97EBE592568}"
EndProject
Project("{FAE04EC0-301F-11D3-BF4B-00C04F79EFBC}") = "R5T.D0116.I0001.Construction", "R5T.D0116.I0001.Construction\R5T.D0116.I0001.Construction.csproj", "{681634C9-B489-4ECC-A391-89E4EDD845B3}"
EndProject
Project("{2150E333-8FDC-42A3-9474-1A3956D46DE8}") = "_Dependencies", "_Dependencies", "{0D518180-FEA9-4BFE-8175-CA9D6B37D8BF}"
EndProject
Project("{FAE04EC0-301F-11D3-BF4B-00C04F79EFBC}") = "R5T.T0064", "..\..\R5T.T0064\source\R5T.T0064\R5T.T0064.csproj", "{C9B0B91E-0E30-488E-B7CE-426E4AA2414E}"
EndProject
Global
	GlobalSection(SolutionConfigurationPlatforms) = preSolution
		Debug|Any CPU = Debug|Any CPU
		Debug|x64 = Debug|x64
		Debug|x86 = Debug|x86
		Release|Any CPU = Release|Any CPU
		Release|x64 = Release|x64
		Release|x86 = Release|x86
	EndGlobalSection
	GlobalSection(SolutionProperties) = preSolution
		HideSolutionNode = FALSE
	EndGlobalSection
	GlobalSection(ProjectConfigurationPlatforms) = postSolution
		{205F6648-AA36-4401-B1E5-C97EBE592568}.Debug|Any CPU.ActiveCfg = Debug|Any CPU
		{205F6648-AA36-4401-B1E5-C97EBE592568}.Debug|Any CPU.Build.0 = Debug|Any CPU
		{205F6648-AA36-4401-B1E5-C97EBE592568}.Debug|x64.ActiveCfg = Debug|Any CPU
		{205F6648-AA36-4401-B1E5-C97EBE592568}.Debug|x64.Build.0 = Debug|Any CPU
		{205F6648-AA36-4401-B1E5-C97EBE592568}.Debug|x86.ActiveCfg = Debug|Any CPU
		{205F6648-AA36-4401-B1E5-C97EBE592568}.Debug|x86.Build.0 = Debug|Any CPU
		{205F6648-AA36-4401-B1E5-C97EBE592568}.Release|Any CPU.ActiveCfg = Release|Any CPU
		{205F6648-AA36-4401-B1E5-C97EBE592568}.Release|Any CPU.Build.0 = Release|Any CPU
		{205F6648-AA36-4401-B1E5-C97EBE592568}.Release|x64.ActiveCfg = Release|Any CPU
		{205F6648-AA36-4401-B1E5-C97EBE592568}.Release|x64.Build.0 = Release|Any CPU
		{205F6648-AA36-4401-B1E5-C97EBE592568}.Release|x86.ActiveCfg = Release|Any CPU
		{205F6648-AA36-4401-B1E5-C97EBE592568}.Release|x86.Build.0 = Release|Any CPU
		{681634C9-B489-4ECC-A391-89E4EDD845B3}.Debug|Any CPU.ActiveCfg = Debug|Any CPU
		{681634C9-B489-4ECC-A391-89E4EDD845B3}.Debug|Any CPU.Build.0 = Debug|Any CPU
		{681634C9-B489-4ECC-A391-89E4EDD845B3}.Debug|x64.ActiveCfg = Debug|Any CPU
		{681634C9-B489-4ECC-A391-89E4EDD845B3}.Debug|x64.Build.0 = Debug|Any CPU
		{681634C9-B489-4ECC-A391-89E4EDD845B3}.Debug|x86.ActiveCfg = Debug|Any CPU
		{681634C9-B489-4ECC-A391-89E4EDD845B3}.Debug|x86.Build.0 = Debug|Any CPU
		{681634C9-B489-4ECC-A391-89E4EDD845B3}.Release|Any CPU.ActiveCfg = Release|Any CPU
		{681634C9-B489-4ECC-A391-89E4EDD845B3}.Release|Any CPU.Build.0 = Release|Any CPU
		{681634C9-B489-4ECC-A391-89E4EDD845B3}.Release|x64.ActiveCfg = Release|Any CPU
		{681634C9-B489-4ECC-A391-89E4EDD845B3}.Release|x64.Build.0 = Release|Any CPU
		{681634C9-B489-4ECC-A391-89E4EDD845B3}.Release|x86.ActiveCfg = Release|Any CPU
		{681634C9-B489-4ECC-A391-89E4EDD845B3}.Release|x86.Build.0 = Release|Any CPU
		{C9B0B91E-0E30-488E-B7CE-426E4AA2414E}.Debug|Any CPU.ActiveCfg = Debug|Any CPU
		{C9B0B91E-0E30-488E-B7CE-426E4AA2414E}.Debug|Any CPU.Build.0 = Debug|Any CPU
		{C9B0B91E-0E30-488E-B7CE-426E4AA2414E}.Debug|x64.ActiveCfg = Debug|Any CPU
		{C9B0B91E-0E30-488E-B7CE-426E4AA2414E}.Debug|x64.Build.0 = Debug|Any CPU
		{C9B0B91E-0E30-488E-B7CE-426E4AA2414E}.Debug|x86.ActiveCfg = Debug|Any CPU
		{C9B0B91E-0E30-488E-B7CE-426E4AA2414E}.Debug|x86.Build.0 = Debug|Any CPU
		{C9B0B91E-0E30-488E-B7CE-426E4AA2414E}.Release|Any CPU.ActiveCfg = Release|Any CPU
		{C9B0B91E-0E30-488E-B7CE-426E4AA2414E}.Release|Any CPU.Build.0 = Release|Any CPU
		{C9B0B91E-0E30-488E-B7CE-426E4AA2414E}.Release|x64.ActiveCfg = Release|Any CPU
		{C9B0B91E-0E30-488E-B7CE-426E4AA2414E}.Release|x64.Build.0 = Release|Any CPU
		{C9B0B91E-0E30-488E-B7CE-426E4AA2414E}.Release|x86.ActiveCfg = Release|Any CPU
		{C9B0B91E-0E30-488E-B7CE-426E4AA2414E}.Release|x86.Build.0 = Release|Any CPU
	EndGlobalSection
	GlobalSection(NestedProjects) = preSolution
		{C9B0B91E-0E30-488E-B7CE-426E4AA2414E} = {0D518180-FEA9-4BFE-8175-CA9D6B37D8BF}
	EndGlobalSection
EndGlobal
