
Microsoft Visual Studio Solution File, Format Version 12.00
# Visual Studio Version 16
VisualStudioVersion = 16.0.30114.105
MinimumVisualStudioVersion = 10.0.40219.1
Project("{9A19103F-16F7-4668-BE54-9A1E7A4F7556}") = "R5T.D0116.I0001", "R5T.D0116.I0001\R5T.D0116.I0001.csproj", "{95F15E6F-4122-4343-A141-A2D998F211D6}"
EndProject
Project("{2150E333-8FDC-42A3-9474-1A3956D46DE8}") = "_Dependencies", "_Dependencies", "{AD23697A-D076-4952-BEF6-38E35DF501D6}"
EndProject
Project("{9A19103F-16F7-4668-BE54-9A1E7A4F7556}") = "R5T.D0116", "..\..\R5T.D0116\source\R5T.D0116\R5T.D0116.csproj", "{AEB1350C-27AF-470B-84B4-9FDF759C883F}"
EndProject
Project("{9A19103F-16F7-4668-BE54-9A1E7A4F7556}") = "R5T.T0062.X001", "..\..\R5T.T0062\source\R5T.T0062.X001\R5T.T0062.X001.csproj", "{19DD32A6-450E-421F-95AD-4F72406354D1}"
EndProject
Project("{9A19103F-16F7-4668-BE54-9A1E7A4F7556}") = "R5T.B0004.X001", "..\..\R5T.B0004\source\R5T.B0004.X001\R5T.B0004.X001.csproj", "{471BA556-1BF8-4F53-9C61-DC6D5FC7E8BB}"
EndProject
Project("{9A19103F-16F7-4668-BE54-9A1E7A4F7556}") = "R5T.B0004.X0001", "..\..\R5T.B0004.X0001\source\R5T.B0004.X0001\R5T.B0004.X0001.csproj", "{F91361D4-D750-449D-A066-88C7BD099F40}"
EndProject
Project("{9A19103F-16F7-4668-BE54-9A1E7A4F7556}") = "R5T.B0001.X0001", "..\..\R5T.B0001.X0001\source\R5T.B0001.X0001\R5T.B0001.X0001.csproj", "{C1777B22-3BB7-4DDE-88EC-4AE0F2958E0D}"
EndProject
Project("{9A19103F-16F7-4668-BE54-9A1E7A4F7556}") = "R5T.B0001.X001", "..\..\R5T.B0001\source\R5T.B0001.X001\R5T.B0001.X001.csproj", "{9413BE8E-7722-449A-ACAC-6FEABCA494B6}"
EndProject
Project("{9A19103F-16F7-4668-BE54-9A1E7A4F7556}") = "R5T.B0002.X001", "..\..\R5T.B0002\source\R5T.B0002.X001\R5T.B0002.X001.csproj", "{F65A2498-FDC5-426B-B054-E471D3B73C6B}"
EndProject
Project("{9A19103F-16F7-4668-BE54-9A1E7A4F7556}") = "R5T.B0002.X0001", "..\..\R5T.B0002.X0001\source\R5T.B0002.X0001\R5T.B0002.X0001.csproj", "{0C6C3F8D-A17D-4060-948E-6A7C2D4EECEC}"
EndProject
Global
	GlobalSection(SolutionConfigurationPlatforms) = preSolution
		Debug|Any CPU = Debug|Any CPU
		Debug|x64 = Debug|x64
		Debug|x86 = Debug|x86
		Release|Any CPU = Release|Any CPU
		Release|x64 = Release|x64
		Release|x86 = Release|x86
	EndGlobalSection
	GlobalSection(ProjectConfigurationPlatforms) = postSolution
		{95F15E6F-4122-4343-A141-A2D998F211D6}.Debug|Any CPU.ActiveCfg = Debug|Any CPU
		{95F15E6F-4122-4343-A141-A2D998F211D6}.Debug|Any CPU.Build.0 = Debug|Any CPU
		{95F15E6F-4122-4343-A141-A2D998F211D6}.Debug|x64.ActiveCfg = Debug|Any CPU
		{95F15E6F-4122-4343-A141-A2D998F211D6}.Debug|x64.Build.0 = Debug|Any CPU
		{95F15E6F-4122-4343-A141-A2D998F211D6}.Debug|x86.ActiveCfg = Debug|Any CPU
		{95F15E6F-4122-4343-A141-A2D998F211D6}.Debug|x86.Build.0 = Debug|Any CPU
		{95F15E6F-4122-4343-A141-A2D998F211D6}.Release|Any CPU.ActiveCfg = Release|Any CPU
		{95F15E6F-4122-4343-A141-A2D998F211D6}.Release|Any CPU.Build.0 = Release|Any CPU
		{95F15E6F-4122-4343-A141-A2D998F211D6}.Release|x64.ActiveCfg = Release|Any CPU
		{95F15E6F-4122-4343-A141-A2D998F211D6}.Release|x64.Build.0 = Release|Any CPU
		{95F15E6F-4122-4343-A141-A2D998F211D6}.Release|x86.ActiveCfg = Release|Any CPU
		{95F15E6F-4122-4343-A141-A2D998F211D6}.Release|x86.Build.0 = Release|Any CPU
		{AEB1350C-27AF-470B-84B4-9FDF759C883F}.Debug|Any CPU.ActiveCfg = Debug|Any CPU
		{AEB1350C-27AF-470B-84B4-9FDF759C883F}.Debug|Any CPU.Build.0 = Debug|Any CPU
		{AEB1350C-27AF-470B-84B4-9FDF759C883F}.Debug|x64.ActiveCfg = Debug|Any CPU
		{AEB1350C-27AF-470B-84B4-9FDF759C883F}.Debug|x64.Build.0 = Debug|Any CPU
		{AEB1350C-27AF-470B-84B4-9FDF759C883F}.Debug|x86.ActiveCfg = Debug|Any CPU
		{AEB1350C-27AF-470B-84B4-9FDF759C883F}.Debug|x86.Build.0 = Debug|Any CPU
		{AEB1350C-27AF-470B-84B4-9FDF759C883F}.Release|Any CPU.ActiveCfg = Release|Any CPU
		{AEB1350C-27AF-470B-84B4-9FDF759C883F}.Release|Any CPU.Build.0 = Release|Any CPU
		{AEB1350C-27AF-470B-84B4-9FDF759C883F}.Release|x64.ActiveCfg = Release|Any CPU
		{AEB1350C-27AF-470B-84B4-9FDF759C883F}.Release|x64.Build.0 = Release|Any CPU
		{AEB1350C-27AF-470B-84B4-9FDF759C883F}.Release|x86.ActiveCfg = Release|Any CPU
		{AEB1350C-27AF-470B-84B4-9FDF759C883F}.Release|x86.Build.0 = Release|Any CPU
		{19DD32A6-450E-421F-95AD-4F72406354D1}.Debug|Any CPU.ActiveCfg = Debug|Any CPU
		{19DD32A6-450E-421F-95AD-4F72406354D1}.Debug|Any CPU.Build.0 = Debug|Any CPU
		{19DD32A6-450E-421F-95AD-4F72406354D1}.Debug|x64.ActiveCfg = Debug|Any CPU
		{19DD32A6-450E-421F-95AD-4F72406354D1}.Debug|x64.Build.0 = Debug|Any CPU
		{19DD32A6-450E-421F-95AD-4F72406354D1}.Debug|x86.ActiveCfg = Debug|Any CPU
		{19DD32A6-450E-421F-95AD-4F72406354D1}.Debug|x86.Build.0 = Debug|Any CPU
		{19DD32A6-450E-421F-95AD-4F72406354D1}.Release|Any CPU.ActiveCfg = Release|Any CPU
		{19DD32A6-450E-421F-95AD-4F72406354D1}.Release|Any CPU.Build.0 = Release|Any CPU
		{19DD32A6-450E-421F-95AD-4F72406354D1}.Release|x64.ActiveCfg = Release|Any CPU
		{19DD32A6-450E-421F-95AD-4F72406354D1}.Release|x64.Build.0 = Release|Any CPU
		{19DD32A6-450E-421F-95AD-4F72406354D1}.Release|x86.ActiveCfg = Release|Any CPU
		{19DD32A6-450E-421F-95AD-4F72406354D1}.Release|x86.Build.0 = Release|Any CPU
		{471BA556-1BF8-4F53-9C61-DC6D5FC7E8BB}.Debug|Any CPU.ActiveCfg = Debug|Any CPU
		{471BA556-1BF8-4F53-9C61-DC6D5FC7E8BB}.Debug|Any CPU.Build.0 = Debug|Any CPU
		{471BA556-1BF8-4F53-9C61-DC6D5FC7E8BB}.Debug|x64.ActiveCfg = Debug|Any CPU
		{471BA556-1BF8-4F53-9C61-DC6D5FC7E8BB}.Debug|x64.Build.0 = Debug|Any CPU
		{471BA556-1BF8-4F53-9C61-DC6D5FC7E8BB}.Debug|x86.ActiveCfg = Debug|Any CPU
		{471BA556-1BF8-4F53-9C61-DC6D5FC7E8BB}.Debug|x86.Build.0 = Debug|Any CPU
		{471BA556-1BF8-4F53-9C61-DC6D5FC7E8BB}.Release|Any CPU.ActiveCfg = Release|Any CPU
		{471BA556-1BF8-4F53-9C61-DC6D5FC7E8BB}.Release|Any CPU.Build.0 = Release|Any CPU
		{471BA556-1BF8-4F53-9C61-DC6D5FC7E8BB}.Release|x64.ActiveCfg = Release|Any CPU
		{471BA556-1BF8-4F53-9C61-DC6D5FC7E8BB}.Release|x64.Build.0 = Release|Any CPU
		{471BA556-1BF8-4F53-9C61-DC6D5FC7E8BB}.Release|x86.ActiveCfg = Release|Any CPU
		{471BA556-1BF8-4F53-9C61-DC6D5FC7E8BB}.Release|x86.Build.0 = Release|Any CPU
		{F91361D4-D750-449D-A066-88C7BD099F40}.Debug|Any CPU.ActiveCfg = Debug|Any CPU
		{F91361D4-D750-449D-A066-88C7BD099F40}.Debug|Any CPU.Build.0 = Debug|Any CPU
		{F91361D4-D750-449D-A066-88C7BD099F40}.Debug|x64.ActiveCfg = Debug|Any CPU
		{F91361D4-D750-449D-A066-88C7BD099F40}.Debug|x64.Build.0 = Debug|Any CPU
		{F91361D4-D750-449D-A066-88C7BD099F40}.Debug|x86.ActiveCfg = Debug|Any CPU
		{F91361D4-D750-449D-A066-88C7BD099F40}.Debug|x86.Build.0 = Debug|Any CPU
		{F91361D4-D750-449D-A066-88C7BD099F40}.Release|Any CPU.ActiveCfg = Release|Any CPU
		{F91361D4-D750-449D-A066-88C7BD099F40}.Release|Any CPU.Build.0 = Release|Any CPU
		{F91361D4-D750-449D-A066-88C7BD099F40}.Release|x64.ActiveCfg = Release|Any CPU
		{F91361D4-D750-449D-A066-88C7BD099F40}.Release|x64.Build.0 = Release|Any CPU
		{F91361D4-D750-449D-A066-88C7BD099F40}.Release|x86.ActiveCfg = Release|Any CPU
		{F91361D4-D750-449D-A066-88C7BD099F40}.Release|x86.Build.0 = Release|Any CPU
		{C1777B22-3BB7-4DDE-88EC-4AE0F2958E0D}.Debug|Any CPU.ActiveCfg = Debug|Any CPU
		{C1777B22-3BB7-4DDE-88EC-4AE0F2958E0D}.Debug|Any CPU.Build.0 = Debug|Any CPU
		{C1777B22-3BB7-4DDE-88EC-4AE0F2958E0D}.Debug|x64.ActiveCfg = Debug|Any CPU
		{C1777B22-3BB7-4DDE-88EC-4AE0F2958E0D}.Debug|x64.Build.0 = Debug|Any CPU
		{C1777B22-3BB7-4DDE-88EC-4AE0F2958E0D}.Debug|x86.ActiveCfg = Debug|Any CPU
		{C1777B22-3BB7-4DDE-88EC-4AE0F2958E0D}.Debug|x86.Build.0 = Debug|Any CPU
		{C1777B22-3BB7-4DDE-88EC-4AE0F2958E0D}.Release|Any CPU.ActiveCfg = Release|Any CPU
		{C1777B22-3BB7-4DDE-88EC-4AE0F2958E0D}.Release|Any CPU.Build.0 = Release|Any CPU
		{C1777B22-3BB7-4DDE-88EC-4AE0F2958E0D}.Release|x64.ActiveCfg = Release|Any CPU
		{C1777B22-3BB7-4DDE-88EC-4AE0F2958E0D}.Release|x64.Build.0 = Release|Any CPU
		{C1777B22-3BB7-4DDE-88EC-4AE0F2958E0D}.Release|x86.ActiveCfg = Release|Any CPU
		{C1777B22-3BB7-4DDE-88EC-4AE0F2958E0D}.Release|x86.Build.0 = Release|Any CPU
		{9413BE8E-7722-449A-ACAC-6FEABCA494B6}.Debug|Any CPU.ActiveCfg = Debug|Any CPU
		{9413BE8E-7722-449A-ACAC-6FEABCA494B6}.Debug|Any CPU.Build.0 = Debug|Any CPU
		{9413BE8E-7722-449A-ACAC-6FEABCA494B6}.Debug|x64.ActiveCfg = Debug|Any CPU
		{9413BE8E-7722-449A-ACAC-6FEABCA494B6}.Debug|x64.Build.0 = Debug|Any CPU
		{9413BE8E-7722-449A-ACAC-6FEABCA494B6}.Debug|x86.ActiveCfg = Debug|Any CPU
		{9413BE8E-7722-449A-ACAC-6FEABCA494B6}.Debug|x86.Build.0 = Debug|Any CPU
		{9413BE8E-7722-449A-ACAC-6FEABCA494B6}.Release|Any CPU.ActiveCfg = Release|Any CPU
		{9413BE8E-7722-449A-ACAC-6FEABCA494B6}.Release|Any CPU.Build.0 = Release|Any CPU
		{9413BE8E-7722-449A-ACAC-6FEABCA494B6}.Release|x64.ActiveCfg = Release|Any CPU
		{9413BE8E-7722-449A-ACAC-6FEABCA494B6}.Release|x64.Build.0 = Release|Any CPU
		{9413BE8E-7722-449A-ACAC-6FEABCA494B6}.Release|x86.ActiveCfg = Release|Any CPU
		{9413BE8E-7722-449A-ACAC-6FEABCA494B6}.Release|x86.Build.0 = Release|Any CPU
		{F65A2498-FDC5-426B-B054-E471D3B73C6B}.Debug|Any CPU.ActiveCfg = Debug|Any CPU
		{F65A2498-FDC5-426B-B054-E471D3B73C6B}.Debug|Any CPU.Build.0 = Debug|Any CPU
		{F65A2498-FDC5-426B-B054-E471D3B73C6B}.Debug|x64.ActiveCfg = Debug|Any CPU
		{F65A2498-FDC5-426B-B054-E471D3B73C6B}.Debug|x64.Build.0 = Debug|Any CPU
		{F65A2498-FDC5-426B-B054-E471D3B73C6B}.Debug|x86.ActiveCfg = Debug|Any CPU
		{F65A2498-FDC5-426B-B054-E471D3B73C6B}.Debug|x86.Build.0 = Debug|Any CPU
		{F65A2498-FDC5-426B-B054-E471D3B73C6B}.Release|Any CPU.ActiveCfg = Release|Any CPU
		{F65A2498-FDC5-426B-B054-E471D3B73C6B}.Release|Any CPU.Build.0 = Release|Any CPU
		{F65A2498-FDC5-426B-B054-E471D3B73C6B}.Release|x64.ActiveCfg = Release|Any CPU
		{F65A2498-FDC5-426B-B054-E471D3B73C6B}.Release|x64.Build.0 = Release|Any CPU
		{F65A2498-FDC5-426B-B054-E471D3B73C6B}.Release|x86.ActiveCfg = Release|Any CPU
		{F65A2498-FDC5-426B-B054-E471D3B73C6B}.Release|x86.Build.0 = Release|Any CPU
		{0C6C3F8D-A17D-4060-948E-6A7C2D4EECEC}.Debug|Any CPU.ActiveCfg = Debug|Any CPU
		{0C6C3F8D-A17D-4060-948E-6A7C2D4EECEC}.Debug|Any CPU.Build.0 = Debug|Any CPU
		{0C6C3F8D-A17D-4060-948E-6A7C2D4EECEC}.Debug|x64.ActiveCfg = Debug|Any CPU
		{0C6C3F8D-A17D-4060-948E-6A7C2D4EECEC}.Debug|x64.Build.0 = Debug|Any CPU
		{0C6C3F8D-A17D-4060-948E-6A7C2D4EECEC}.Debug|x86.ActiveCfg = Debug|Any CPU
		{0C6C3F8D-A17D-4060-948E-6A7C2D4EECEC}.Debug|x86.Build.0 = Debug|Any CPU
		{0C6C3F8D-A17D-4060-948E-6A7C2D4EECEC}.Release|Any CPU.ActiveCfg = Release|Any CPU
		{0C6C3F8D-A17D-4060-948E-6A7C2D4EECEC}.Release|Any CPU.Build.0 = Release|Any CPU
		{0C6C3F8D-A17D-4060-948E-6A7C2D4EECEC}.Release|x64.ActiveCfg = Release|Any CPU
		{0C6C3F8D-A17D-4060-948E-6A7C2D4EECEC}.Release|x64.Build.0 = Release|Any CPU
		{0C6C3F8D-A17D-4060-948E-6A7C2D4EECEC}.Release|x86.ActiveCfg = Release|Any CPU
		{0C6C3F8D-A17D-4060-948E-6A7C2D4EECEC}.Release|x86.Build.0 = Release|Any CPU
	EndGlobalSection
	GlobalSection(SolutionProperties) = preSolution
		HideSolutionNode = FALSE
	EndGlobalSection
	GlobalSection(NestedProjects) = preSolution
		{AEB1350C-27AF-470B-84B4-9FDF759C883F} = {AD23697A-D076-4952-BEF6-38E35DF501D6}
		{19DD32A6-450E-421F-95AD-4F72406354D1} = {AD23697A-D076-4952-BEF6-38E35DF501D6}
		{471BA556-1BF8-4F53-9C61-DC6D5FC7E8BB} = {AD23697A-D076-4952-BEF6-38E35DF501D6}
		{F91361D4-D750-449D-A066-88C7BD099F40} = {AD23697A-D076-4952-BEF6-38E35DF501D6}
		{C1777B22-3BB7-4DDE-88EC-4AE0F2958E0D} = {AD23697A-D076-4952-BEF6-38E35DF501D6}
		{9413BE8E-7722-449A-ACAC-6FEABCA494B6} = {AD23697A-D076-4952-BEF6-38E35DF501D6}
		{F65A2498-FDC5-426B-B054-E471D3B73C6B} = {AD23697A-D076-4952-BEF6-38E35DF501D6}
		{0C6C3F8D-A17D-4060-948E-6A7C2D4EECEC} = {AD23697A-D076-4952-BEF6-38E35DF501D6}
	EndGlobalSection
	GlobalSection(ExtensibilityGlobals) = postSolution
		SolutionGuid = {4ADE1095-BC95-4CC2-8929-24B3849A4EC5}
	EndGlobalSection
EndGlobal
